// !$*UTF8*$!
{
	archiveVersion = 1;
	classes = {
	};
	objectVersion = 46;
	objects = {

/* Begin PBXBuildFile section */
		2C20C91E2059798400BF6D46 /* MedecinTableViewCell.swift in Sources */ = {isa = PBXBuildFile; fileRef = 2C20C91D2059798400BF6D46 /* MedecinTableViewCell.swift */; };
		2C20C920205980A900BF6D46 /* ContactTableViewCell.swift in Sources */ = {isa = PBXBuildFile; fileRef = 2C20C91F205980A900BF6D46 /* ContactTableViewCell.swift */; };
		2C5050FB205AB97E00850AE7 /* ExerciceDAOext.swift in Sources */ = {isa = PBXBuildFile; fileRef = 2C5050FA205AB97E00850AE7 /* ExerciceDAOext.swift */; };
		2C5050FD205ADD2600850AE7 /* Contact_persoDAOext.swift in Sources */ = {isa = PBXBuildFile; fileRef = 2C5050FC205ADD2600850AE7 /* Contact_persoDAOext.swift */; };
		2C5050FF205ADDA800850AE7 /* EvenementDAOext.swift in Sources */ = {isa = PBXBuildFile; fileRef = 2C5050FE205ADDA800850AE7 /* EvenementDAOext.swift */; };
		2C505101205ADE1F00850AE7 /* MedecinDAOext.swift in Sources */ = {isa = PBXBuildFile; fileRef = 2C505100205ADE1F00850AE7 /* MedecinDAOext.swift */; };
		2C505103205ADE5D00850AE7 /* MedicamentDAOext.swift in Sources */ = {isa = PBXBuildFile; fileRef = 2C505102205ADE5D00850AE7 /* MedicamentDAOext.swift */; };
		2C505105205AE07B00850AE7 /* Prise_medicamentDAOext.swift in Sources */ = {isa = PBXBuildFile; fileRef = 2C505104205AE07B00850AE7 /* Prise_medicamentDAOext.swift */; };
		2C505107205AE0B900850AE7 /* RdvDAOext.swift in Sources */ = {isa = PBXBuildFile; fileRef = 2C505106205AE0B900850AE7 /* RdvDAOext.swift */; };
		2C505109205AE11500850AE7 /* SyntheseDAOext.swift in Sources */ = {isa = PBXBuildFile; fileRef = 2C505108205AE11500850AE7 /* SyntheseDAOext.swift */; };
		2C50510B205AE16900850AE7 /* Test_motriciteDAOext.swift in Sources */ = {isa = PBXBuildFile; fileRef = 2C50510A205AE16900850AE7 /* Test_motriciteDAOext.swift */; };
		2C50510D205AE1A600850AE7 /* TraitementDAOext.swift in Sources */ = {isa = PBXBuildFile; fileRef = 2C50510C205AE1A600850AE7 /* TraitementDAOext.swift */; };
		2C505112205AE8B900850AE7 /* Patient.swift in Sources */ = {isa = PBXBuildFile; fileRef = 2C505111205AE8B900850AE7 /* Patient.swift */; };
		2C505114205AEF8600850AE7 /* Exercice.swift in Sources */ = {isa = PBXBuildFile; fileRef = 2C505113205AEF8600850AE7 /* Exercice.swift */; };
		2C505116205AF10F00850AE7 /* Contact_perso.swift in Sources */ = {isa = PBXBuildFile; fileRef = 2C505115205AF10F00850AE7 /* Contact_perso.swift */; };
		2C505118205AF23E00850AE7 /* Evenement.swift in Sources */ = {isa = PBXBuildFile; fileRef = 2C505117205AF23E00850AE7 /* Evenement.swift */; };
		2C827B16205A62F100376D55 /* ExerciceTableViewCell.swift in Sources */ = {isa = PBXBuildFile; fileRef = 2C827B15205A62F100376D55 /* ExerciceTableViewCell.swift */; };
		AA4A253720591E17001480E5 /* ManageErrorHelper.swift in Sources */ = {isa = PBXBuildFile; fileRef = AA4A253620591E17001480E5 /* ManageErrorHelper.swift */; };
		AA4A253A205928D4001480E5 /* PatientDAOext.swift in Sources */ = {isa = PBXBuildFile; fileRef = AA4A2539205928D4001480E5 /* PatientDAOext.swift */; };
		AA4A253C205929D0001480E5 /* ManageCoreData.swift in Sources */ = {isa = PBXBuildFile; fileRef = AA4A253B205929D0001480E5 /* ManageCoreData.swift */; };
		AA5E19AD204D6CEC00C25FC1 /* PilulierViewController.swift in Sources */ = {isa = PBXBuildFile; fileRef = AA5E19AC204D6CEC00C25FC1 /* PilulierViewController.swift */; };
		AA5E19BA204D973F00C25FC1 /* AjoutContactPersoViewController.swift in Sources */ = {isa = PBXBuildFile; fileRef = AA5E19B9204D973F00C25FC1 /* AjoutContactPersoViewController.swift */; };
		AA5E19BC204D979900C25FC1 /* CoachViewController.swift in Sources */ = {isa = PBXBuildFile; fileRef = AA5E19BB204D979900C25FC1 /* CoachViewController.swift */; };
		AA5E19BE204D97B500C25FC1 /* ContactViewController.swift in Sources */ = {isa = PBXBuildFile; fileRef = AA5E19BD204D97B500C25FC1 /* ContactViewController.swift */; };
		AA5E19C0204D97F700C25FC1 /* EditInformationPersoViewController.swift in Sources */ = {isa = PBXBuildFile; fileRef = AA5E19BF204D97F700C25FC1 /* EditInformationPersoViewController.swift */; };
		AA81A81F20517C7A0056CFA8 /* TraceurViewController.swift in Sources */ = {isa = PBXBuildFile; fileRef = AA81A81E20517C7A0056CFA8 /* TraceurViewController.swift */; };
		AA81A82120517CA20056CFA8 /* QuestionnaireViewController.swift in Sources */ = {isa = PBXBuildFile; fileRef = AA81A82020517CA20056CFA8 /* QuestionnaireViewController.swift */; };
		AA81A823205180B00056CFA8 /* SignalEvenementViewController.swift in Sources */ = {isa = PBXBuildFile; fileRef = AA81A822205180B00056CFA8 /* SignalEvenementViewController.swift */; };
		AAAC5A49204E786700D4DD99 /* AgendaViewController.swift in Sources */ = {isa = PBXBuildFile; fileRef = AAAC5A48204E786700D4DD99 /* AgendaViewController.swift */; };
		AAAC5A4B204E7D2700D4DD99 /* AjouterRendezVousViewController.swift in Sources */ = {isa = PBXBuildFile; fileRef = AAAC5A4A204E7D2700D4DD99 /* AjouterRendezVousViewController.swift */; };
		AAC3C386204D9E86006C5B14 /* AjoutContactMedicalViewController.swift in Sources */ = {isa = PBXBuildFile; fileRef = AAC3C385204D9E86006C5B14 /* AjoutContactMedicalViewController.swift */; };
		AAC3C388204DA1B8006C5B14 /* AjoutExerciceViewController.swift in Sources */ = {isa = PBXBuildFile; fileRef = AAC3C387204DA1B8006C5B14 /* AjoutExerciceViewController.swift */; };
		AAC3C38A204DA1EB006C5B14 /* AjoutTraitementViewController.swift in Sources */ = {isa = PBXBuildFile; fileRef = AAC3C389204DA1EB006C5B14 /* AjoutTraitementViewController.swift */; };
		AAC3C38C204DAA83006C5B14 /* AjoutMedicamentViewController.swift in Sources */ = {isa = PBXBuildFile; fileRef = AAC3C38B204DAA83006C5B14 /* AjoutMedicamentViewController.swift */; };
		AACCDBD820468EB6002112F7 /* AppDelegate.swift in Sources */ = {isa = PBXBuildFile; fileRef = AACCDBD720468EB6002112F7 /* AppDelegate.swift */; };
		AACCDBDA20468EB6002112F7 /* ViewController.swift in Sources */ = {isa = PBXBuildFile; fileRef = AACCDBD920468EB6002112F7 /* ViewController.swift */; };
		AACCDBDD20468EB6002112F7 /* Main.storyboard in Resources */ = {isa = PBXBuildFile; fileRef = AACCDBDB20468EB6002112F7 /* Main.storyboard */; };
		AACCDBE020468EB6002112F7 /* MonPK_Moi.xcdatamodeld in Sources */ = {isa = PBXBuildFile; fileRef = AACCDBDE20468EB6002112F7 /* MonPK_Moi.xcdatamodeld */; };
		AACCDBE220468EB6002112F7 /* Assets.xcassets in Resources */ = {isa = PBXBuildFile; fileRef = AACCDBE120468EB6002112F7 /* Assets.xcassets */; };
		AACCDBE520468EB6002112F7 /* LaunchScreen.storyboard in Resources */ = {isa = PBXBuildFile; fileRef = AACCDBE320468EB6002112F7 /* LaunchScreen.storyboard */; };
		AACCDBF020468EB6002112F7 /* MonPK_MoiTests.swift in Sources */ = {isa = PBXBuildFile; fileRef = AACCDBEF20468EB6002112F7 /* MonPK_MoiTests.swift */; };
		AACCDC042046B666002112F7 /* MedicamentTableViewCell.swift in Sources */ = {isa = PBXBuildFile; fileRef = AACCDC032046B666002112F7 /* MedicamentTableViewCell.swift */; };
/* End PBXBuildFile section */

/* Begin PBXContainerItemProxy section */
		AACCDBEC20468EB6002112F7 /* PBXContainerItemProxy */ = {
			isa = PBXContainerItemProxy;
			containerPortal = AACCDBCC20468EB6002112F7 /* Project object */;
			proxyType = 1;
			remoteGlobalIDString = AACCDBD320468EB6002112F7;
			remoteInfo = "MonPK&Moi";
		};
/* End PBXContainerItemProxy section */

/* Begin PBXFileReference section */
		2C20C91D2059798400BF6D46 /* MedecinTableViewCell.swift */ = {isa = PBXFileReference; fileEncoding = 4; lastKnownFileType = sourcecode.swift; path = MedecinTableViewCell.swift; sourceTree = "<group>"; };
		2C20C91F205980A900BF6D46 /* ContactTableViewCell.swift */ = {isa = PBXFileReference; fileEncoding = 4; lastKnownFileType = sourcecode.swift; path = ContactTableViewCell.swift; sourceTree = "<group>"; };
		2C5050FA205AB97E00850AE7 /* ExerciceDAOext.swift */ = {isa = PBXFileReference; fileEncoding = 4; lastKnownFileType = sourcecode.swift; path = ExerciceDAOext.swift; sourceTree = "<group>"; };
		2C5050FC205ADD2600850AE7 /* Contact_persoDAOext.swift */ = {isa = PBXFileReference; fileEncoding = 4; lastKnownFileType = sourcecode.swift; path = Contact_persoDAOext.swift; sourceTree = "<group>"; };
		2C5050FE205ADDA800850AE7 /* EvenementDAOext.swift */ = {isa = PBXFileReference; fileEncoding = 4; lastKnownFileType = sourcecode.swift; path = EvenementDAOext.swift; sourceTree = "<group>"; };
		2C505100205ADE1F00850AE7 /* MedecinDAOext.swift */ = {isa = PBXFileReference; fileEncoding = 4; lastKnownFileType = sourcecode.swift; path = MedecinDAOext.swift; sourceTree = "<group>"; };
		2C505102205ADE5D00850AE7 /* MedicamentDAOext.swift */ = {isa = PBXFileReference; fileEncoding = 4; lastKnownFileType = sourcecode.swift; path = MedicamentDAOext.swift; sourceTree = "<group>"; };
		2C505104205AE07B00850AE7 /* Prise_medicamentDAOext.swift */ = {isa = PBXFileReference; fileEncoding = 4; lastKnownFileType = sourcecode.swift; path = Prise_medicamentDAOext.swift; sourceTree = "<group>"; };
		2C505106205AE0B900850AE7 /* RdvDAOext.swift */ = {isa = PBXFileReference; fileEncoding = 4; lastKnownFileType = sourcecode.swift; path = RdvDAOext.swift; sourceTree = "<group>"; };
		2C505108205AE11500850AE7 /* SyntheseDAOext.swift */ = {isa = PBXFileReference; fileEncoding = 4; lastKnownFileType = sourcecode.swift; path = SyntheseDAOext.swift; sourceTree = "<group>"; };
		2C50510A205AE16900850AE7 /* Test_motriciteDAOext.swift */ = {isa = PBXFileReference; fileEncoding = 4; lastKnownFileType = sourcecode.swift; path = Test_motriciteDAOext.swift; sourceTree = "<group>"; };
		2C50510C205AE1A600850AE7 /* TraitementDAOext.swift */ = {isa = PBXFileReference; fileEncoding = 4; lastKnownFileType = sourcecode.swift; path = TraitementDAOext.swift; sourceTree = "<group>"; };
		2C505111205AE8B900850AE7 /* Patient.swift */ = {isa = PBXFileReference; fileEncoding = 4; lastKnownFileType = sourcecode.swift; path = Patient.swift; sourceTree = "<group>"; };
		2C505113205AEF8600850AE7 /* Exercice.swift */ = {isa = PBXFileReference; fileEncoding = 4; lastKnownFileType = sourcecode.swift; path = Exercice.swift; sourceTree = "<group>"; };
		2C505115205AF10F00850AE7 /* Contact_perso.swift */ = {isa = PBXFileReference; fileEncoding = 4; lastKnownFileType = sourcecode.swift; path = Contact_perso.swift; sourceTree = "<group>"; };
		2C505117205AF23E00850AE7 /* Evenement.swift */ = {isa = PBXFileReference; fileEncoding = 4; lastKnownFileType = sourcecode.swift; path = Evenement.swift; sourceTree = "<group>"; };
		2C827B15205A62F100376D55 /* ExerciceTableViewCell.swift */ = {isa = PBXFileReference; fileEncoding = 4; lastKnownFileType = sourcecode.swift; path = ExerciceTableViewCell.swift; sourceTree = "<group>"; };
		AA4A253620591E17001480E5 /* ManageErrorHelper.swift */ = {isa = PBXFileReference; fileEncoding = 4; lastKnownFileType = sourcecode.swift; path = ManageErrorHelper.swift; sourceTree = "<group>"; };
		AA4A2539205928D4001480E5 /* PatientDAOext.swift */ = {isa = PBXFileReference; fileEncoding = 4; lastKnownFileType = sourcecode.swift; path = PatientDAOext.swift; sourceTree = "<group>"; };
		AA4A253B205929D0001480E5 /* ManageCoreData.swift */ = {isa = PBXFileReference; fileEncoding = 4; lastKnownFileType = sourcecode.swift; path = ManageCoreData.swift; sourceTree = "<group>"; };
		AA5E19AC204D6CEC00C25FC1 /* PilulierViewController.swift */ = {isa = PBXFileReference; fileEncoding = 4; lastKnownFileType = sourcecode.swift; path = PilulierViewController.swift; sourceTree = "<group>"; };
		AA5E19B9204D973F00C25FC1 /* AjoutContactPersoViewController.swift */ = {isa = PBXFileReference; fileEncoding = 4; lastKnownFileType = sourcecode.swift; path = AjoutContactPersoViewController.swift; sourceTree = "<group>"; };
		AA5E19BB204D979900C25FC1 /* CoachViewController.swift */ = {isa = PBXFileReference; fileEncoding = 4; lastKnownFileType = sourcecode.swift; path = CoachViewController.swift; sourceTree = "<group>"; };
		AA5E19BD204D97B500C25FC1 /* ContactViewController.swift */ = {isa = PBXFileReference; fileEncoding = 4; lastKnownFileType = sourcecode.swift; path = ContactViewController.swift; sourceTree = "<group>"; };
		AA5E19BF204D97F700C25FC1 /* EditInformationPersoViewController.swift */ = {isa = PBXFileReference; fileEncoding = 4; lastKnownFileType = sourcecode.swift; path = EditInformationPersoViewController.swift; sourceTree = "<group>"; };
		AA81A81E20517C7A0056CFA8 /* TraceurViewController.swift */ = {isa = PBXFileReference; fileEncoding = 4; lastKnownFileType = sourcecode.swift; path = TraceurViewController.swift; sourceTree = "<group>"; };
		AA81A82020517CA20056CFA8 /* QuestionnaireViewController.swift */ = {isa = PBXFileReference; fileEncoding = 4; lastKnownFileType = sourcecode.swift; path = QuestionnaireViewController.swift; sourceTree = "<group>"; };
		AA81A822205180B00056CFA8 /* SignalEvenementViewController.swift */ = {isa = PBXFileReference; fileEncoding = 4; lastKnownFileType = sourcecode.swift; path = SignalEvenementViewController.swift; sourceTree = "<group>"; };
		AAAC5A48204E786700D4DD99 /* AgendaViewController.swift */ = {isa = PBXFileReference; fileEncoding = 4; lastKnownFileType = sourcecode.swift; path = AgendaViewController.swift; sourceTree = "<group>"; };
		AAAC5A4A204E7D2700D4DD99 /* AjouterRendezVousViewController.swift */ = {isa = PBXFileReference; fileEncoding = 4; lastKnownFileType = sourcecode.swift; path = AjouterRendezVousViewController.swift; sourceTree = "<group>"; };
		AAC3C385204D9E86006C5B14 /* AjoutContactMedicalViewController.swift */ = {isa = PBXFileReference; fileEncoding = 4; lastKnownFileType = sourcecode.swift; path = AjoutContactMedicalViewController.swift; sourceTree = "<group>"; };
		AAC3C387204DA1B8006C5B14 /* AjoutExerciceViewController.swift */ = {isa = PBXFileReference; fileEncoding = 4; lastKnownFileType = sourcecode.swift; path = AjoutExerciceViewController.swift; sourceTree = "<group>"; };
		AAC3C389204DA1EB006C5B14 /* AjoutTraitementViewController.swift */ = {isa = PBXFileReference; fileEncoding = 4; lastKnownFileType = sourcecode.swift; path = AjoutTraitementViewController.swift; sourceTree = "<group>"; };
		AAC3C38B204DAA83006C5B14 /* AjoutMedicamentViewController.swift */ = {isa = PBXFileReference; fileEncoding = 4; lastKnownFileType = sourcecode.swift; path = AjoutMedicamentViewController.swift; sourceTree = "<group>"; };
		AACCDBD420468EB6002112F7 /* MonPK&Moi.app */ = {isa = PBXFileReference; explicitFileType = wrapper.application; includeInIndex = 0; path = "MonPK&Moi.app"; sourceTree = BUILT_PRODUCTS_DIR; };
		AACCDBD720468EB6002112F7 /* AppDelegate.swift */ = {isa = PBXFileReference; lastKnownFileType = sourcecode.swift; path = AppDelegate.swift; sourceTree = "<group>"; };
		AACCDBD920468EB6002112F7 /* ViewController.swift */ = {isa = PBXFileReference; lastKnownFileType = sourcecode.swift; path = ViewController.swift; sourceTree = "<group>"; };
		AACCDBDC20468EB6002112F7 /* Base */ = {isa = PBXFileReference; lastKnownFileType = file.storyboard; name = Base; path = Base.lproj/Main.storyboard; sourceTree = "<group>"; };
		AACCDBDF20468EB6002112F7 /* MonPK_Moi.xcdatamodel */ = {isa = PBXFileReference; lastKnownFileType = wrapper.xcdatamodel; path = MonPK_Moi.xcdatamodel; sourceTree = "<group>"; };
		AACCDBE120468EB6002112F7 /* Assets.xcassets */ = {isa = PBXFileReference; lastKnownFileType = folder.assetcatalog; path = Assets.xcassets; sourceTree = "<group>"; };
		AACCDBE420468EB6002112F7 /* Base */ = {isa = PBXFileReference; lastKnownFileType = file.storyboard; name = Base; path = Base.lproj/LaunchScreen.storyboard; sourceTree = "<group>"; };
		AACCDBE620468EB6002112F7 /* Info.plist */ = {isa = PBXFileReference; lastKnownFileType = text.plist.xml; path = Info.plist; sourceTree = "<group>"; };
		AACCDBEB20468EB6002112F7 /* MonPK&MoiTests.xctest */ = {isa = PBXFileReference; explicitFileType = wrapper.cfbundle; includeInIndex = 0; path = "MonPK&MoiTests.xctest"; sourceTree = BUILT_PRODUCTS_DIR; };
		AACCDBEF20468EB6002112F7 /* MonPK_MoiTests.swift */ = {isa = PBXFileReference; lastKnownFileType = sourcecode.swift; path = MonPK_MoiTests.swift; sourceTree = "<group>"; };
		AACCDBF120468EB6002112F7 /* Info.plist */ = {isa = PBXFileReference; lastKnownFileType = text.plist.xml; path = Info.plist; sourceTree = "<group>"; };
		AACCDC032046B666002112F7 /* MedicamentTableViewCell.swift */ = {isa = PBXFileReference; fileEncoding = 4; lastKnownFileType = sourcecode.swift; path = MedicamentTableViewCell.swift; sourceTree = "<group>"; };
/* End PBXFileReference section */

/* Begin PBXFrameworksBuildPhase section */
		AACCDBD120468EB6002112F7 /* Frameworks */ = {
			isa = PBXFrameworksBuildPhase;
			buildActionMask = 2147483647;
			files = (
			);
			runOnlyForDeploymentPostprocessing = 0;
		};
		AACCDBE820468EB6002112F7 /* Frameworks */ = {
			isa = PBXFrameworksBuildPhase;
			buildActionMask = 2147483647;
			files = (
			);
			runOnlyForDeploymentPostprocessing = 0;
		};
/* End PBXFrameworksBuildPhase section */

/* Begin PBXGroup section */
		2C50510E205AE2C400850AE7 /* Model */ = {
			isa = PBXGroup;
			children = (
				2C505111205AE8B900850AE7 /* Patient.swift */,
				2C505113205AEF8600850AE7 /* Exercice.swift */,
				2C505115205AF10F00850AE7 /* Contact_perso.swift */,
				2C505117205AF23E00850AE7 /* Evenement.swift */,
			);
			name = Model;
			sourceTree = "<group>";
		};
		AA4A253520591DE5001480E5 /* Helper */ = {
			isa = PBXGroup;
			children = (
				AA4A253620591E17001480E5 /* ManageErrorHelper.swift */,
				AA4A253B205929D0001480E5 /* ManageCoreData.swift */,
			);
			name = Helper;
			sourceTree = "<group>";
		};
		AA4A25382059241A001480E5 /* DAO */ = {
			isa = PBXGroup;
			children = (
				AA4A2539205928D4001480E5 /* PatientDAOext.swift */,
				2C5050FA205AB97E00850AE7 /* ExerciceDAOext.swift */,
				2C5050FC205ADD2600850AE7 /* Contact_persoDAOext.swift */,
				2C5050FE205ADDA800850AE7 /* EvenementDAOext.swift */,
				2C505100205ADE1F00850AE7 /* MedecinDAOext.swift */,
				2C505102205ADE5D00850AE7 /* MedicamentDAOext.swift */,
				2C505104205AE07B00850AE7 /* Prise_medicamentDAOext.swift */,
				2C505106205AE0B900850AE7 /* RdvDAOext.swift */,
				2C505108205AE11500850AE7 /* SyntheseDAOext.swift */,
				2C50510A205AE16900850AE7 /* Test_motriciteDAOext.swift */,
				2C50510C205AE1A600850AE7 /* TraitementDAOext.swift */,
			);
			name = DAO;
			sourceTree = "<group>";
		};
		AA5E19B6204D96DD00C25FC1 /* Controller */ = {
			isa = PBXGroup;
			children = (
				2C827B15205A62F100376D55 /* ExerciceTableViewCell.swift */,
				2C20C91F205980A900BF6D46 /* ContactTableViewCell.swift */,
				AA5E19B9204D973F00C25FC1 /* AjoutContactPersoViewController.swift */,
				AA5E19BB204D979900C25FC1 /* CoachViewController.swift */,
				AA5E19BD204D97B500C25FC1 /* ContactViewController.swift */,
				AA5E19AC204D6CEC00C25FC1 /* PilulierViewController.swift */,
				AACCDC032046B666002112F7 /* MedicamentTableViewCell.swift */,
				AA5E19BF204D97F700C25FC1 /* EditInformationPersoViewController.swift */,
				AAC3C385204D9E86006C5B14 /* AjoutContactMedicalViewController.swift */,
				AAC3C387204DA1B8006C5B14 /* AjoutExerciceViewController.swift */,
				AAC3C389204DA1EB006C5B14 /* AjoutTraitementViewController.swift */,
				AAC3C38B204DAA83006C5B14 /* AjoutMedicamentViewController.swift */,
				AAAC5A48204E786700D4DD99 /* AgendaViewController.swift */,
				AAAC5A4A204E7D2700D4DD99 /* AjouterRendezVousViewController.swift */,
				AA81A81E20517C7A0056CFA8 /* TraceurViewController.swift */,
				AA81A82020517CA20056CFA8 /* QuestionnaireViewController.swift */,
				AA81A822205180B00056CFA8 /* SignalEvenementViewController.swift */,
				2C20C91D2059798400BF6D46 /* MedecinTableViewCell.swift */,
			);
			name = Controller;
			sourceTree = "<group>";
		};
		AACCDBCB20468EB6002112F7 = {
			isa = PBXGroup;
			children = (
				AACCDBD620468EB6002112F7 /* MonPK&Moi */,
				AACCDBEE20468EB6002112F7 /* MonPK&MoiTests */,
				AACCDBD520468EB6002112F7 /* Products */,
			);
			sourceTree = "<group>";
		};
		AACCDBD520468EB6002112F7 /* Products */ = {
			isa = PBXGroup;
			children = (
				AACCDBD420468EB6002112F7 /* MonPK&Moi.app */,
				AACCDBEB20468EB6002112F7 /* MonPK&MoiTests.xctest */,
			);
			name = Products;
			sourceTree = "<group>";
		};
		AACCDBD620468EB6002112F7 /* MonPK&Moi */ = {
			isa = PBXGroup;
			children = (
				2C50510E205AE2C400850AE7 /* Model */,
				AA4A25382059241A001480E5 /* DAO */,
				AA4A253520591DE5001480E5 /* Helper */,
				AA5E19B6204D96DD00C25FC1 /* Controller */,
				AACCDBD720468EB6002112F7 /* AppDelegate.swift */,
				AACCDBD920468EB6002112F7 /* ViewController.swift */,
				AACCDBDB20468EB6002112F7 /* Main.storyboard */,
				AACCDBE120468EB6002112F7 /* Assets.xcassets */,
				AACCDBE320468EB6002112F7 /* LaunchScreen.storyboard */,
				AACCDBE620468EB6002112F7 /* Info.plist */,
				AACCDBDE20468EB6002112F7 /* MonPK_Moi.xcdatamodeld */,
			);
			path = "MonPK&Moi";
			sourceTree = "<group>";
		};
		AACCDBEE20468EB6002112F7 /* MonPK&MoiTests */ = {
			isa = PBXGroup;
			children = (
				AACCDBEF20468EB6002112F7 /* MonPK_MoiTests.swift */,
				AACCDBF120468EB6002112F7 /* Info.plist */,
			);
			path = "MonPK&MoiTests";
			sourceTree = "<group>";
		};
/* End PBXGroup section */

/* Begin PBXNativeTarget section */
		AACCDBD320468EB6002112F7 /* MonPK&Moi */ = {
			isa = PBXNativeTarget;
			buildConfigurationList = AACCDBF420468EB6002112F7 /* Build configuration list for PBXNativeTarget "MonPK&Moi" */;
			buildPhases = (
				AACCDBD020468EB6002112F7 /* Sources */,
				AACCDBD120468EB6002112F7 /* Frameworks */,
				AACCDBD220468EB6002112F7 /* Resources */,
			);
			buildRules = (
			);
			dependencies = (
			);
			name = "MonPK&Moi";
			productName = "MonPK&Moi";
			productReference = AACCDBD420468EB6002112F7 /* MonPK&Moi.app */;
			productType = "com.apple.product-type.application";
		};
		AACCDBEA20468EB6002112F7 /* MonPK&MoiTests */ = {
			isa = PBXNativeTarget;
			buildConfigurationList = AACCDBF720468EB6002112F7 /* Build configuration list for PBXNativeTarget "MonPK&MoiTests" */;
			buildPhases = (
				AACCDBE720468EB6002112F7 /* Sources */,
				AACCDBE820468EB6002112F7 /* Frameworks */,
				AACCDBE920468EB6002112F7 /* Resources */,
			);
			buildRules = (
			);
			dependencies = (
				AACCDBED20468EB6002112F7 /* PBXTargetDependency */,
			);
			name = "MonPK&MoiTests";
			productName = "MonPK&MoiTests";
			productReference = AACCDBEB20468EB6002112F7 /* MonPK&MoiTests.xctest */;
			productType = "com.apple.product-type.bundle.unit-test";
		};
/* End PBXNativeTarget section */

/* Begin PBXProject section */
		AACCDBCC20468EB6002112F7 /* Project object */ = {
			isa = PBXProject;
			attributes = {
				LastSwiftUpdateCheck = 0830;
				LastUpgradeCheck = 0830;
				ORGANIZATIONNAME = "Joris GRANEL";
				TargetAttributes = {
					AACCDBD320468EB6002112F7 = {
						CreatedOnToolsVersion = 8.3.3;
						ProvisioningStyle = Automatic;
					};
					AACCDBEA20468EB6002112F7 = {
						CreatedOnToolsVersion = 8.3.3;
						ProvisioningStyle = Automatic;
						TestTargetID = AACCDBD320468EB6002112F7;
					};
				};
			};
			buildConfigurationList = AACCDBCF20468EB6002112F7 /* Build configuration list for PBXProject "MonPK&Moi" */;
			compatibilityVersion = "Xcode 3.2";
			developmentRegion = English;
			hasScannedForEncodings = 0;
			knownRegions = (
				en,
				Base,
			);
			mainGroup = AACCDBCB20468EB6002112F7;
			productRefGroup = AACCDBD520468EB6002112F7 /* Products */;
			projectDirPath = "";
			projectRoot = "";
			targets = (
				AACCDBD320468EB6002112F7 /* MonPK&Moi */,
				AACCDBEA20468EB6002112F7 /* MonPK&MoiTests */,
			);
		};
/* End PBXProject section */

/* Begin PBXResourcesBuildPhase section */
		AACCDBD220468EB6002112F7 /* Resources */ = {
			isa = PBXResourcesBuildPhase;
			buildActionMask = 2147483647;
			files = (
				AACCDBE520468EB6002112F7 /* LaunchScreen.storyboard in Resources */,
				AACCDBE220468EB6002112F7 /* Assets.xcassets in Resources */,
				AACCDBDD20468EB6002112F7 /* Main.storyboard in Resources */,
			);
			runOnlyForDeploymentPostprocessing = 0;
		};
		AACCDBE920468EB6002112F7 /* Resources */ = {
			isa = PBXResourcesBuildPhase;
			buildActionMask = 2147483647;
			files = (
			);
			runOnlyForDeploymentPostprocessing = 0;
		};
/* End PBXResourcesBuildPhase section */

/* Begin PBXSourcesBuildPhase section */
		AACCDBD020468EB6002112F7 /* Sources */ = {
			isa = PBXSourcesBuildPhase;
			buildActionMask = 2147483647;
			files = (
				AACCDBDA20468EB6002112F7 /* ViewController.swift in Sources */,
				2C505118205AF23E00850AE7 /* Evenement.swift in Sources */,
				2C505105205AE07B00850AE7 /* Prise_medicamentDAOext.swift in Sources */,
				AACCDBD820468EB6002112F7 /* AppDelegate.swift in Sources */,
				2C50510D205AE1A600850AE7 /* TraitementDAOext.swift in Sources */,
				2C505112205AE8B900850AE7 /* Patient.swift in Sources */,
				AA5E19C0204D97F700C25FC1 /* EditInformationPersoViewController.swift in Sources */,
				AAC3C386204D9E86006C5B14 /* AjoutContactMedicalViewController.swift in Sources */,
				AA81A82120517CA20056CFA8 /* QuestionnaireViewController.swift in Sources */,
				AACCDC042046B666002112F7 /* MedicamentTableViewCell.swift in Sources */,
				2C505109205AE11500850AE7 /* SyntheseDAOext.swift in Sources */,
				2C5050FB205AB97E00850AE7 /* ExerciceDAOext.swift in Sources */,
				AAC3C38A204DA1EB006C5B14 /* AjoutTraitementViewController.swift in Sources */,
				AACCDBE020468EB6002112F7 /* MonPK_Moi.xcdatamodeld in Sources */,
				AA5E19BC204D979900C25FC1 /* CoachViewController.swift in Sources */,
				2C827B16205A62F100376D55 /* ExerciceTableViewCell.swift in Sources */,
				2C5050FF205ADDA800850AE7 /* EvenementDAOext.swift in Sources */,
				AA5E19BE204D97B500C25FC1 /* ContactViewController.swift in Sources */,
				AA81A823205180B00056CFA8 /* SignalEvenementViewController.swift in Sources */,
				AA5E19AD204D6CEC00C25FC1 /* PilulierViewController.swift in Sources */,
				AAAC5A4B204E7D2700D4DD99 /* AjouterRendezVousViewController.swift in Sources */,
				AA81A81F20517C7A0056CFA8 /* TraceurViewController.swift in Sources */,
				2C505114205AEF8600850AE7 /* Exercice.swift in Sources */,
				AA4A253C205929D0001480E5 /* ManageCoreData.swift in Sources */,
				2C505116205AF10F00850AE7 /* Contact_perso.swift in Sources */,
				2C20C920205980A900BF6D46 /* ContactTableViewCell.swift in Sources */,
				2C505103205ADE5D00850AE7 /* MedicamentDAOext.swift in Sources */,
				AA5E19BA204D973F00C25FC1 /* AjoutContactPersoViewController.swift in Sources */,
				AA4A253720591E17001480E5 /* ManageErrorHelper.swift in Sources */,
				2C505107205AE0B900850AE7 /* RdvDAOext.swift in Sources */,
				2C20C91E2059798400BF6D46 /* MedecinTableViewCell.swift in Sources */,
				2C5050FD205ADD2600850AE7 /* Contact_persoDAOext.swift in Sources */,
				AAC3C388204DA1B8006C5B14 /* AjoutExerciceViewController.swift in Sources */,
				2C505101205ADE1F00850AE7 /* MedecinDAOext.swift in Sources */,
				AAAC5A49204E786700D4DD99 /* AgendaViewController.swift in Sources */,
				AAC3C38C204DAA83006C5B14 /* AjoutMedicamentViewController.swift in Sources */,
				AA4A253A205928D4001480E5 /* PatientDAOext.swift in Sources */,
				2C50510B205AE16900850AE7 /* Test_motriciteDAOext.swift in Sources */,
			);
			runOnlyForDeploymentPostprocessing = 0;
		};
		AACCDBE720468EB6002112F7 /* Sources */ = {
			isa = PBXSourcesBuildPhase;
			buildActionMask = 2147483647;
			files = (
				AACCDBF020468EB6002112F7 /* MonPK_MoiTests.swift in Sources */,
			);
			runOnlyForDeploymentPostprocessing = 0;
		};
/* End PBXSourcesBuildPhase section */

/* Begin PBXTargetDependency section */
		AACCDBED20468EB6002112F7 /* PBXTargetDependency */ = {
			isa = PBXTargetDependency;
			target = AACCDBD320468EB6002112F7 /* MonPK&Moi */;
			targetProxy = AACCDBEC20468EB6002112F7 /* PBXContainerItemProxy */;
		};
/* End PBXTargetDependency section */

/* Begin PBXVariantGroup section */
		AACCDBDB20468EB6002112F7 /* Main.storyboard */ = {
			isa = PBXVariantGroup;
			children = (
				AACCDBDC20468EB6002112F7 /* Base */,
			);
			name = Main.storyboard;
			sourceTree = "<group>";
		};
		AACCDBE320468EB6002112F7 /* LaunchScreen.storyboard */ = {
			isa = PBXVariantGroup;
			children = (
				AACCDBE420468EB6002112F7 /* Base */,
			);
			name = LaunchScreen.storyboard;
			sourceTree = "<group>";
		};
/* End PBXVariantGroup section */

/* Begin XCBuildConfiguration section */
		AACCDBF220468EB6002112F7 /* Debug */ = {
			isa = XCBuildConfiguration;
			buildSettings = {
				ALWAYS_SEARCH_USER_PATHS = NO;
				CLANG_ANALYZER_NONNULL = YES;
				CLANG_ANALYZER_NUMBER_OBJECT_CONVERSION = YES_AGGRESSIVE;
				CLANG_CXX_LANGUAGE_STANDARD = "gnu++0x";
				CLANG_CXX_LIBRARY = "libc++";
				CLANG_ENABLE_MODULES = YES;
				CLANG_ENABLE_OBJC_ARC = YES;
				CLANG_WARN_BOOL_CONVERSION = YES;
				CLANG_WARN_CONSTANT_CONVERSION = YES;
				CLANG_WARN_DIRECT_OBJC_ISA_USAGE = YES_ERROR;
				CLANG_WARN_DOCUMENTATION_COMMENTS = YES;
				CLANG_WARN_EMPTY_BODY = YES;
				CLANG_WARN_ENUM_CONVERSION = YES;
				CLANG_WARN_INFINITE_RECURSION = YES;
				CLANG_WARN_INT_CONVERSION = YES;
				CLANG_WARN_OBJC_ROOT_CLASS = YES_ERROR;
				CLANG_WARN_SUSPICIOUS_MOVE = YES;
				CLANG_WARN_UNREACHABLE_CODE = YES;
				CLANG_WARN__DUPLICATE_METHOD_MATCH = YES;
				"CODE_SIGN_IDENTITY[sdk=iphoneos*]" = "iPhone Developer";
				COPY_PHASE_STRIP = NO;
				DEBUG_INFORMATION_FORMAT = dwarf;
				ENABLE_STRICT_OBJC_MSGSEND = YES;
				ENABLE_TESTABILITY = YES;
				GCC_C_LANGUAGE_STANDARD = gnu99;
				GCC_DYNAMIC_NO_PIC = NO;
				GCC_NO_COMMON_BLOCKS = YES;
				GCC_OPTIMIZATION_LEVEL = 0;
				GCC_PREPROCESSOR_DEFINITIONS = (
					"DEBUG=1",
					"$(inherited)",
				);
				GCC_WARN_64_TO_32_BIT_CONVERSION = YES;
				GCC_WARN_ABOUT_RETURN_TYPE = YES_ERROR;
				GCC_WARN_UNDECLARED_SELECTOR = YES;
				GCC_WARN_UNINITIALIZED_AUTOS = YES_AGGRESSIVE;
				GCC_WARN_UNUSED_FUNCTION = YES;
				GCC_WARN_UNUSED_VARIABLE = YES;
				IPHONEOS_DEPLOYMENT_TARGET = 10.3;
				MTL_ENABLE_DEBUG_INFO = YES;
				ONLY_ACTIVE_ARCH = YES;
				SDKROOT = iphoneos;
				SWIFT_ACTIVE_COMPILATION_CONDITIONS = DEBUG;
				SWIFT_OPTIMIZATION_LEVEL = "-Onone";
				TARGETED_DEVICE_FAMILY = "1,2";
			};
			name = Debug;
		};
		AACCDBF320468EB6002112F7 /* Release */ = {
			isa = XCBuildConfiguration;
			buildSettings = {
				ALWAYS_SEARCH_USER_PATHS = NO;
				CLANG_ANALYZER_NONNULL = YES;
				CLANG_ANALYZER_NUMBER_OBJECT_CONVERSION = YES_AGGRESSIVE;
				CLANG_CXX_LANGUAGE_STANDARD = "gnu++0x";
				CLANG_CXX_LIBRARY = "libc++";
				CLANG_ENABLE_MODULES = YES;
				CLANG_ENABLE_OBJC_ARC = YES;
				CLANG_WARN_BOOL_CONVERSION = YES;
				CLANG_WARN_CONSTANT_CONVERSION = YES;
				CLANG_WARN_DIRECT_OBJC_ISA_USAGE = YES_ERROR;
				CLANG_WARN_DOCUMENTATION_COMMENTS = YES;
				CLANG_WARN_EMPTY_BODY = YES;
				CLANG_WARN_ENUM_CONVERSION = YES;
				CLANG_WARN_INFINITE_RECURSION = YES;
				CLANG_WARN_INT_CONVERSION = YES;
				CLANG_WARN_OBJC_ROOT_CLASS = YES_ERROR;
				CLANG_WARN_SUSPICIOUS_MOVE = YES;
				CLANG_WARN_UNREACHABLE_CODE = YES;
				CLANG_WARN__DUPLICATE_METHOD_MATCH = YES;
				"CODE_SIGN_IDENTITY[sdk=iphoneos*]" = "iPhone Developer";
				COPY_PHASE_STRIP = NO;
				DEBUG_INFORMATION_FORMAT = "dwarf-with-dsym";
				ENABLE_NS_ASSERTIONS = NO;
				ENABLE_STRICT_OBJC_MSGSEND = YES;
				GCC_C_LANGUAGE_STANDARD = gnu99;
				GCC_NO_COMMON_BLOCKS = YES;
				GCC_WARN_64_TO_32_BIT_CONVERSION = YES;
				GCC_WARN_ABOUT_RETURN_TYPE = YES_ERROR;
				GCC_WARN_UNDECLARED_SELECTOR = YES;
				GCC_WARN_UNINITIALIZED_AUTOS = YES_AGGRESSIVE;
				GCC_WARN_UNUSED_FUNCTION = YES;
				GCC_WARN_UNUSED_VARIABLE = YES;
				IPHONEOS_DEPLOYMENT_TARGET = 10.3;
				MTL_ENABLE_DEBUG_INFO = NO;
				SDKROOT = iphoneos;
				SWIFT_OPTIMIZATION_LEVEL = "-Owholemodule";
				TARGETED_DEVICE_FAMILY = "1,2";
				VALIDATE_PRODUCT = YES;
			};
			name = Release;
		};
		AACCDBF520468EB6002112F7 /* Debug */ = {
			isa = XCBuildConfiguration;
			buildSettings = {
				ASSETCATALOG_COMPILER_APPICON_NAME = AppIcon;
				INFOPLIST_FILE = "MonPK&Moi/Info.plist";
				LD_RUNPATH_SEARCH_PATHS = "$(inherited) @executable_path/Frameworks";
				PRODUCT_BUNDLE_IDENTIFIER = "Justin-Joris.MonPK-Moi";
				PRODUCT_NAME = "$(TARGET_NAME)";
				SWIFT_VERSION = 3.0;
			};
			name = Debug;
		};
		AACCDBF620468EB6002112F7 /* Release */ = {
			isa = XCBuildConfiguration;
			buildSettings = {
				ASSETCATALOG_COMPILER_APPICON_NAME = AppIcon;
				INFOPLIST_FILE = "MonPK&Moi/Info.plist";
				LD_RUNPATH_SEARCH_PATHS = "$(inherited) @executable_path/Frameworks";
				PRODUCT_BUNDLE_IDENTIFIER = "Justin-Joris.MonPK-Moi";
				PRODUCT_NAME = "$(TARGET_NAME)";
				SWIFT_VERSION = 3.0;
			};
			name = Release;
		};
		AACCDBF820468EB6002112F7 /* Debug */ = {
			isa = XCBuildConfiguration;
			buildSettings = {
				ALWAYS_EMBED_SWIFT_STANDARD_LIBRARIES = YES;
				BUNDLE_LOADER = "$(TEST_HOST)";
				INFOPLIST_FILE = "MonPK&MoiTests/Info.plist";
				LD_RUNPATH_SEARCH_PATHS = "$(inherited) @executable_path/Frameworks @loader_path/Frameworks";
				PRODUCT_BUNDLE_IDENTIFIER = "Justin-Joris.MonPK-MoiTests";
				PRODUCT_NAME = "$(TARGET_NAME)";
				SWIFT_VERSION = 3.0;
				TEST_HOST = "$(BUILT_PRODUCTS_DIR)/MonPK&Moi.app/MonPK&Moi";
			};
			name = Debug;
		};
		AACCDBF920468EB6002112F7 /* Release */ = {
			isa = XCBuildConfiguration;
			buildSettings = {
				ALWAYS_EMBED_SWIFT_STANDARD_LIBRARIES = YES;
				BUNDLE_LOADER = "$(TEST_HOST)";
				INFOPLIST_FILE = "MonPK&MoiTests/Info.plist";
				LD_RUNPATH_SEARCH_PATHS = "$(inherited) @executable_path/Frameworks @loader_path/Frameworks";
				PRODUCT_BUNDLE_IDENTIFIER = "Justin-Joris.MonPK-MoiTests";
				PRODUCT_NAME = "$(TARGET_NAME)";
				SWIFT_VERSION = 3.0;
				TEST_HOST = "$(BUILT_PRODUCTS_DIR)/MonPK&Moi.app/MonPK&Moi";
			};
			name = Release;
		};
/* End XCBuildConfiguration section */

/* Begin XCConfigurationList section */
		AACCDBCF20468EB6002112F7 /* Build configuration list for PBXProject "MonPK&Moi" */ = {
			isa = XCConfigurationList;
			buildConfigurations = (
				AACCDBF220468EB6002112F7 /* Debug */,
				AACCDBF320468EB6002112F7 /* Release */,
			);
			defaultConfigurationIsVisible = 0;
			defaultConfigurationName = Release;
		};
		AACCDBF420468EB6002112F7 /* Build configuration list for PBXNativeTarget "MonPK&Moi" */ = {
			isa = XCConfigurationList;
			buildConfigurations = (
				AACCDBF520468EB6002112F7 /* Debug */,
				AACCDBF620468EB6002112F7 /* Release */,
			);
			defaultConfigurationIsVisible = 0;
			defaultConfigurationName = Release;
		};
		AACCDBF720468EB6002112F7 /* Build configuration list for PBXNativeTarget "MonPK&MoiTests" */ = {
			isa = XCConfigurationList;
			buildConfigurations = (
				AACCDBF820468EB6002112F7 /* Debug */,
				AACCDBF920468EB6002112F7 /* Release */,
			);
			defaultConfigurationIsVisible = 0;
			defaultConfigurationName = Release;
		};
/* End XCConfigurationList section */

/* Begin XCVersionGroup section */
		AACCDBDE20468EB6002112F7 /* MonPK_Moi.xcdatamodeld */ = {
			isa = XCVersionGroup;
			children = (
				AACCDBDF20468EB6002112F7 /* MonPK_Moi.xcdatamodel */,
			);
			currentVersion = AACCDBDF20468EB6002112F7 /* MonPK_Moi.xcdatamodel */;
			path = MonPK_Moi.xcdatamodeld;
			sourceTree = "<group>";
			versionGroupType = wrapper.xcdatamodel;
		};
/* End XCVersionGroup section */
	};
	rootObject = AACCDBCC20468EB6002112F7 /* Project object */;
}
