// !$*UTF8*$!
{
	archiveVersion = 1;
	classes = {
	};
	objectVersion = 46;
	objects = {

/* Begin PBXBuildFile section */
		AA5E19AD204D6CEC00C25FC1 /* PilulierViewController.swift in Sources */ = {isa = PBXBuildFile; fileRef = AA5E19AC204D6CEC00C25FC1 /* PilulierViewController.swift */; };
		AACCDBD820468EB6002112F7 /* AppDelegate.swift in Sources */ = {isa = PBXBuildFile; fileRef = AACCDBD720468EB6002112F7 /* AppDelegate.swift */; };
		AACCDBDA20468EB6002112F7 /* ViewController.swift in Sources */ = {isa = PBXBuildFile; fileRef = AACCDBD920468EB6002112F7 /* ViewController.swift */; };
		AACCDBDD20468EB6002112F7 /* Main.storyboard in Resources */ = {isa = PBXBuildFile; fileRef = AACCDBDB20468EB6002112F7 /* Main.storyboard */; };
		AACCDBE020468EB6002112F7 /* MonPK_Moi.xcdatamodeld in Sources */ = {isa = PBXBuildFile; fileRef = AACCDBDE20468EB6002112F7 /* MonPK_Moi.xcdatamodeld */; };
		AACCDBE220468EB6002112F7 /* Assets.xcassets in Resources */ = {isa = PBXBuildFile; fileRef = AACCDBE120468EB6002112F7 /* Assets.xcassets */; };
		AACCDBE520468EB6002112F7 /* LaunchScreen.storyboard in Resources */ = {isa = PBXBuildFile; fileRef = AACCDBE320468EB6002112F7 /* LaunchScreen.storyboard */; };
		AACCDBF020468EB6002112F7 /* MonPK_MoiTests.swift in Sources */ = {isa = PBXBuildFile; fileRef = AACCDBEF20468EB6002112F7 /* MonPK_MoiTests.swift */; };
		AACCDBFF20469122002112F7 /* clock.png in Resources */ = {isa = PBXBuildFile; fileRef = AACCDBFB20469122002112F7 /* clock.png */; };
		AACCDC0020469122002112F7 /* information.png in Resources */ = {isa = PBXBuildFile; fileRef = AACCDBFC20469122002112F7 /* information.png */; };
		AACCDC0120469122002112F7 /* medical-drug-pill.png in Resources */ = {isa = PBXBuildFile; fileRef = AACCDBFD20469122002112F7 /* medical-drug-pill.png */; };
		AACCDC0220469122002112F7 /* running.png in Resources */ = {isa = PBXBuildFile; fileRef = AACCDBFE20469122002112F7 /* running.png */; };
		AACCDC042046B666002112F7 /* MedicamentTableViewCell.swift in Sources */ = {isa = PBXBuildFile; fileRef = AACCDC032046B666002112F7 /* MedicamentTableViewCell.swift */; };
/* End PBXBuildFile section */

/* Begin PBXContainerItemProxy section */
		AACCDBEC20468EB6002112F7 /* PBXContainerItemProxy */ = {
			isa = PBXContainerItemProxy;
			containerPortal = AACCDBCC20468EB6002112F7 /* Project object */;
			proxyType = 1;
			remoteGlobalIDString = AACCDBD320468EB6002112F7;
			remoteInfo = "MonPK&Moi";
		};
/* End PBXContainerItemProxy section */

/* Begin PBXFileReference section */
		AA5E19AC204D6CEC00C25FC1 /* PilulierViewController.swift */ = {isa = PBXFileReference; fileEncoding = 4; lastKnownFileType = sourcecode.swift; path = PilulierViewController.swift; sourceTree = "<group>"; };
		AACCDBD420468EB6002112F7 /* MonPK&Moi.app */ = {isa = PBXFileReference; explicitFileType = wrapper.application; includeInIndex = 0; path = "MonPK&Moi.app"; sourceTree = BUILT_PRODUCTS_DIR; };
		AACCDBD720468EB6002112F7 /* AppDelegate.swift */ = {isa = PBXFileReference; lastKnownFileType = sourcecode.swift; path = AppDelegate.swift; sourceTree = "<group>"; };
		AACCDBD920468EB6002112F7 /* ViewController.swift */ = {isa = PBXFileReference; lastKnownFileType = sourcecode.swift; path = ViewController.swift; sourceTree = "<group>"; };
		AACCDBDC20468EB6002112F7 /* Base */ = {isa = PBXFileReference; lastKnownFileType = file.storyboard; name = Base; path = Base.lproj/Main.storyboard; sourceTree = "<group>"; };
		AACCDBDF20468EB6002112F7 /* MonPK_Moi.xcdatamodel */ = {isa = PBXFileReference; lastKnownFileType = wrapper.xcdatamodel; path = MonPK_Moi.xcdatamodel; sourceTree = "<group>"; };
		AACCDBE120468EB6002112F7 /* Assets.xcassets */ = {isa = PBXFileReference; lastKnownFileType = folder.assetcatalog; path = Assets.xcassets; sourceTree = "<group>"; };
		AACCDBE420468EB6002112F7 /* Base */ = {isa = PBXFileReference; lastKnownFileType = file.storyboard; name = Base; path = Base.lproj/LaunchScreen.storyboard; sourceTree = "<group>"; };
		AACCDBE620468EB6002112F7 /* Info.plist */ = {isa = PBXFileReference; lastKnownFileType = text.plist.xml; path = Info.plist; sourceTree = "<group>"; };
		AACCDBEB20468EB6002112F7 /* MonPK&MoiTests.xctest */ = {isa = PBXFileReference; explicitFileType = wrapper.cfbundle; includeInIndex = 0; path = "MonPK&MoiTests.xctest"; sourceTree = BUILT_PRODUCTS_DIR; };
		AACCDBEF20468EB6002112F7 /* MonPK_MoiTests.swift */ = {isa = PBXFileReference; lastKnownFileType = sourcecode.swift; path = MonPK_MoiTests.swift; sourceTree = "<group>"; };
		AACCDBF120468EB6002112F7 /* Info.plist */ = {isa = PBXFileReference; lastKnownFileType = text.plist.xml; path = Info.plist; sourceTree = "<group>"; };
		AACCDBFB20469122002112F7 /* clock.png */ = {isa = PBXFileReference; lastKnownFileType = image.png; name = clock.png; path = ../Image/clock.png; sourceTree = "<group>"; };
		AACCDBFC20469122002112F7 /* information.png */ = {isa = PBXFileReference; lastKnownFileType = image.png; name = information.png; path = ../Image/information.png; sourceTree = "<group>"; };
		AACCDBFD20469122002112F7 /* medical-drug-pill.png */ = {isa = PBXFileReference; lastKnownFileType = image.png; name = "medical-drug-pill.png"; path = "../Image/medical-drug-pill.png"; sourceTree = "<group>"; };
		AACCDBFE20469122002112F7 /* running.png */ = {isa = PBXFileReference; lastKnownFileType = image.png; name = running.png; path = ../Image/running.png; sourceTree = "<group>"; };
		AACCDC032046B666002112F7 /* MedicamentTableViewCell.swift */ = {isa = PBXFileReference; fileEncoding = 4; lastKnownFileType = sourcecode.swift; path = MedicamentTableViewCell.swift; sourceTree = "<group>"; };
/* End PBXFileReference section */

/* Begin PBXFrameworksBuildPhase section */
		AACCDBD120468EB6002112F7 /* Frameworks */ = {
			isa = PBXFrameworksBuildPhase;
			buildActionMask = 2147483647;
			files = (
			);
			runOnlyForDeploymentPostprocessing = 0;
		};
		AACCDBE820468EB6002112F7 /* Frameworks */ = {
			isa = PBXFrameworksBuildPhase;
			buildActionMask = 2147483647;
			files = (
			);
			runOnlyForDeploymentPostprocessing = 0;
		};
/* End PBXFrameworksBuildPhase section */

/* Begin PBXGroup section */
		AACCDBCB20468EB6002112F7 = {
			isa = PBXGroup;
			children = (
				AACCDBFA204690FF002112F7 /* Images */,
				AACCDBD620468EB6002112F7 /* MonPK&Moi */,
				AACCDBEE20468EB6002112F7 /* MonPK&MoiTests */,
				AACCDBD520468EB6002112F7 /* Products */,
			);
			sourceTree = "<group>";
		};
		AACCDBD520468EB6002112F7 /* Products */ = {
			isa = PBXGroup;
			children = (
				AACCDBD420468EB6002112F7 /* MonPK&Moi.app */,
				AACCDBEB20468EB6002112F7 /* MonPK&MoiTests.xctest */,
			);
			name = Products;
			sourceTree = "<group>";
		};
		AACCDBD620468EB6002112F7 /* MonPK&Moi */ = {
			isa = PBXGroup;
			children = (
				AACCDBD720468EB6002112F7 /* AppDelegate.swift */,
				AACCDBD920468EB6002112F7 /* ViewController.swift */,
				AACCDBDB20468EB6002112F7 /* Main.storyboard */,
				AA5E19AC204D6CEC00C25FC1 /* PilulierViewController.swift */,
				AACCDBE120468EB6002112F7 /* Assets.xcassets */,
				AACCDBE320468EB6002112F7 /* LaunchScreen.storyboard */,
				AACCDBE620468EB6002112F7 /* Info.plist */,
				AACCDBDE20468EB6002112F7 /* MonPK_Moi.xcdatamodeld */,
				AACCDC032046B666002112F7 /* MedicamentTableViewCell.swift */,
			);
			path = "MonPK&Moi";
			sourceTree = "<group>";
		};
		AACCDBEE20468EB6002112F7 /* MonPK&MoiTests */ = {
			isa = PBXGroup;
			children = (
				AACCDBEF20468EB6002112F7 /* MonPK_MoiTests.swift */,
				AACCDBF120468EB6002112F7 /* Info.plist */,
			);
			path = "MonPK&MoiTests";
			sourceTree = "<group>";
		};
		AACCDBFA204690FF002112F7 /* Images */ = {
			isa = PBXGroup;
			children = (
				AACCDBFB20469122002112F7 /* clock.png */,
				AACCDBFC20469122002112F7 /* information.png */,
				AACCDBFD20469122002112F7 /* medical-drug-pill.png */,
				AACCDBFE20469122002112F7 /* running.png */,
			);
			name = Images;
			sourceTree = "<group>";
		};
/* End PBXGroup section */

/* Begin PBXNativeTarget section */
		AACCDBD320468EB6002112F7 /* MonPK&Moi */ = {
			isa = PBXNativeTarget;
			buildConfigurationList = AACCDBF420468EB6002112F7 /* Build configuration list for PBXNativeTarget "MonPK&Moi" */;
			buildPhases = (
				AACCDBD020468EB6002112F7 /* Sources */,
				AACCDBD120468EB6002112F7 /* Frameworks */,
				AACCDBD220468EB6002112F7 /* Resources */,
			);
			buildRules = (
			);
			dependencies = (
			);
			name = "MonPK&Moi";
			productName = "MonPK&Moi";
			productReference = AACCDBD420468EB6002112F7 /* MonPK&Moi.app */;
			productType = "com.apple.product-type.application";
		};
		AACCDBEA20468EB6002112F7 /* MonPK&MoiTests */ = {
			isa = PBXNativeTarget;
			buildConfigurationList = AACCDBF720468EB6002112F7 /* Build configuration list for PBXNativeTarget "MonPK&MoiTests" */;
			buildPhases = (
				AACCDBE720468EB6002112F7 /* Sources */,
				AACCDBE820468EB6002112F7 /* Frameworks */,
				AACCDBE920468EB6002112F7 /* Resources */,
			);
			buildRules = (
			);
			dependencies = (
				AACCDBED20468EB6002112F7 /* PBXTargetDependency */,
			);
			name = "MonPK&MoiTests";
			productName = "MonPK&MoiTests";
			productReference = AACCDBEB20468EB6002112F7 /* MonPK&MoiTests.xctest */;
			productType = "com.apple.product-type.bundle.unit-test";
		};
/* End PBXNativeTarget section */

/* Begin PBXProject section */
		AACCDBCC20468EB6002112F7 /* Project object */ = {
			isa = PBXProject;
			attributes = {
				LastSwiftUpdateCheck = 0830;
				LastUpgradeCheck = 0830;
				ORGANIZATIONNAME = "Joris GRANEL";
				TargetAttributes = {
					AACCDBD320468EB6002112F7 = {
						CreatedOnToolsVersion = 8.3.3;
						ProvisioningStyle = Automatic;
					};
					AACCDBEA20468EB6002112F7 = {
						CreatedOnToolsVersion = 8.3.3;
						ProvisioningStyle = Automatic;
						TestTargetID = AACCDBD320468EB6002112F7;
					};
				};
			};
			buildConfigurationList = AACCDBCF20468EB6002112F7 /* Build configuration list for PBXProject "MonPK&Moi" */;
			compatibilityVersion = "Xcode 3.2";
			developmentRegion = English;
			hasScannedForEncodings = 0;
			knownRegions = (
				en,
				Base,
			);
			mainGroup = AACCDBCB20468EB6002112F7;
			productRefGroup = AACCDBD520468EB6002112F7 /* Products */;
			projectDirPath = "";
			projectRoot = "";
			targets = (
				AACCDBD320468EB6002112F7 /* MonPK&Moi */,
				AACCDBEA20468EB6002112F7 /* MonPK&MoiTests */,
			);
		};
/* End PBXProject section */

/* Begin PBXResourcesBuildPhase section */
		AACCDBD220468EB6002112F7 /* Resources */ = {
			isa = PBXResourcesBuildPhase;
			buildActionMask = 2147483647;
			files = (
				AACCDC0220469122002112F7 /* running.png in Resources */,
				AACCDC0020469122002112F7 /* information.png in Resources */,
				AACCDBFF20469122002112F7 /* clock.png in Resources */,
				AACCDBE520468EB6002112F7 /* LaunchScreen.storyboard in Resources */,
				AACCDBE220468EB6002112F7 /* Assets.xcassets in Resources */,
				AACCDC0120469122002112F7 /* medical-drug-pill.png in Resources */,
				AACCDBDD20468EB6002112F7 /* Main.storyboard in Resources */,
			);
			runOnlyForDeploymentPostprocessing = 0;
		};
		AACCDBE920468EB6002112F7 /* Resources */ = {
			isa = PBXResourcesBuildPhase;
			buildActionMask = 2147483647;
			files = (
			);
			runOnlyForDeploymentPostprocessing = 0;
		};
/* End PBXResourcesBuildPhase section */

/* Begin PBXSourcesBuildPhase section */
		AACCDBD020468EB6002112F7 /* Sources */ = {
			isa = PBXSourcesBuildPhase;
			buildActionMask = 2147483647;
			files = (
				AACCDBDA20468EB6002112F7 /* ViewController.swift in Sources */,
				AACCDBD820468EB6002112F7 /* AppDelegate.swift in Sources */,
				AACCDC042046B666002112F7 /* MedicamentTableViewCell.swift in Sources */,
				AACCDBE020468EB6002112F7 /* MonPK_Moi.xcdatamodeld in Sources */,
				AA5E19AD204D6CEC00C25FC1 /* PilulierViewController.swift in Sources */,
			);
			runOnlyForDeploymentPostprocessing = 0;
		};
		AACCDBE720468EB6002112F7 /* Sources */ = {
			isa = PBXSourcesBuildPhase;
			buildActionMask = 2147483647;
			files = (
				AACCDBF020468EB6002112F7 /* MonPK_MoiTests.swift in Sources */,
			);
			runOnlyForDeploymentPostprocessing = 0;
		};
/* End PBXSourcesBuildPhase section */

/* Begin PBXTargetDependency section */
		AACCDBED20468EB6002112F7 /* PBXTargetDependency */ = {
			isa = PBXTargetDependency;
			target = AACCDBD320468EB6002112F7 /* MonPK&Moi */;
			targetProxy = AACCDBEC20468EB6002112F7 /* PBXContainerItemProxy */;
		};
/* End PBXTargetDependency section */

/* Begin PBXVariantGroup section */
		AACCDBDB20468EB6002112F7 /* Main.storyboard */ = {
			isa = PBXVariantGroup;
			children = (
				AACCDBDC20468EB6002112F7 /* Base */,
			);
			name = Main.storyboard;
			sourceTree = "<group>";
		};
		AACCDBE320468EB6002112F7 /* LaunchScreen.storyboard */ = {
			isa = PBXVariantGroup;
			children = (
				AACCDBE420468EB6002112F7 /* Base */,
			);
			name = LaunchScreen.storyboard;
			sourceTree = "<group>";
		};
/* End PBXVariantGroup section */

/* Begin XCBuildConfiguration section */
		AACCDBF220468EB6002112F7 /* Debug */ = {
			isa = XCBuildConfiguration;
			buildSettings = {
				ALWAYS_SEARCH_USER_PATHS = NO;
				CLANG_ANALYZER_NONNULL = YES;
				CLANG_ANALYZER_NUMBER_OBJECT_CONVERSION = YES_AGGRESSIVE;
				CLANG_CXX_LANGUAGE_STANDARD = "gnu++0x";
				CLANG_CXX_LIBRARY = "libc++";
				CLANG_ENABLE_MODULES = YES;
				CLANG_ENABLE_OBJC_ARC = YES;
				CLANG_WARN_BOOL_CONVERSION = YES;
				CLANG_WARN_CONSTANT_CONVERSION = YES;
				CLANG_WARN_DIRECT_OBJC_ISA_USAGE = YES_ERROR;
				CLANG_WARN_DOCUMENTATION_COMMENTS = YES;
				CLANG_WARN_EMPTY_BODY = YES;
				CLANG_WARN_ENUM_CONVERSION = YES;
				CLANG_WARN_INFINITE_RECURSION = YES;
				CLANG_WARN_INT_CONVERSION = YES;
				CLANG_WARN_OBJC_ROOT_CLASS = YES_ERROR;
				CLANG_WARN_SUSPICIOUS_MOVE = YES;
				CLANG_WARN_UNREACHABLE_CODE = YES;
				CLANG_WARN__DUPLICATE_METHOD_MATCH = YES;
				"CODE_SIGN_IDENTITY[sdk=iphoneos*]" = "iPhone Developer";
				COPY_PHASE_STRIP = NO;
				DEBUG_INFORMATION_FORMAT = dwarf;
				ENABLE_STRICT_OBJC_MSGSEND = YES;
				ENABLE_TESTABILITY = YES;
				GCC_C_LANGUAGE_STANDARD = gnu99;
				GCC_DYNAMIC_NO_PIC = NO;
				GCC_NO_COMMON_BLOCKS = YES;
				GCC_OPTIMIZATION_LEVEL = 0;
				GCC_PREPROCESSOR_DEFINITIONS = (
					"DEBUG=1",
					"$(inherited)",
				);
				GCC_WARN_64_TO_32_BIT_CONVERSION = YES;
				GCC_WARN_ABOUT_RETURN_TYPE = YES_ERROR;
				GCC_WARN_UNDECLARED_SELECTOR = YES;
				GCC_WARN_UNINITIALIZED_AUTOS = YES_AGGRESSIVE;
				GCC_WARN_UNUSED_FUNCTION = YES;
				GCC_WARN_UNUSED_VARIABLE = YES;
				IPHONEOS_DEPLOYMENT_TARGET = 10.3;
				MTL_ENABLE_DEBUG_INFO = YES;
				ONLY_ACTIVE_ARCH = YES;
				SDKROOT = iphoneos;
				SWIFT_ACTIVE_COMPILATION_CONDITIONS = DEBUG;
				SWIFT_OPTIMIZATION_LEVEL = "-Onone";
				TARGETED_DEVICE_FAMILY = "1,2";
			};
			name = Debug;
		};
		AACCDBF320468EB6002112F7 /* Release */ = {
			isa = XCBuildConfiguration;
			buildSettings = {
				ALWAYS_SEARCH_USER_PATHS = NO;
				CLANG_ANALYZER_NONNULL = YES;
				CLANG_ANALYZER_NUMBER_OBJECT_CONVERSION = YES_AGGRESSIVE;
				CLANG_CXX_LANGUAGE_STANDARD = "gnu++0x";
				CLANG_CXX_LIBRARY = "libc++";
				CLANG_ENABLE_MODULES = YES;
				CLANG_ENABLE_OBJC_ARC = YES;
				CLANG_WARN_BOOL_CONVERSION = YES;
				CLANG_WARN_CONSTANT_CONVERSION = YES;
				CLANG_WARN_DIRECT_OBJC_ISA_USAGE = YES_ERROR;
				CLANG_WARN_DOCUMENTATION_COMMENTS = YES;
				CLANG_WARN_EMPTY_BODY = YES;
				CLANG_WARN_ENUM_CONVERSION = YES;
				CLANG_WARN_INFINITE_RECURSION = YES;
				CLANG_WARN_INT_CONVERSION = YES;
				CLANG_WARN_OBJC_ROOT_CLASS = YES_ERROR;
				CLANG_WARN_SUSPICIOUS_MOVE = YES;
				CLANG_WARN_UNREACHABLE_CODE = YES;
				CLANG_WARN__DUPLICATE_METHOD_MATCH = YES;
				"CODE_SIGN_IDENTITY[sdk=iphoneos*]" = "iPhone Developer";
				COPY_PHASE_STRIP = NO;
				DEBUG_INFORMATION_FORMAT = "dwarf-with-dsym";
				ENABLE_NS_ASSERTIONS = NO;
				ENABLE_STRICT_OBJC_MSGSEND = YES;
				GCC_C_LANGUAGE_STANDARD = gnu99;
				GCC_NO_COMMON_BLOCKS = YES;
				GCC_WARN_64_TO_32_BIT_CONVERSION = YES;
				GCC_WARN_ABOUT_RETURN_TYPE = YES_ERROR;
				GCC_WARN_UNDECLARED_SELECTOR = YES;
				GCC_WARN_UNINITIALIZED_AUTOS = YES_AGGRESSIVE;
				GCC_WARN_UNUSED_FUNCTION = YES;
				GCC_WARN_UNUSED_VARIABLE = YES;
				IPHONEOS_DEPLOYMENT_TARGET = 10.3;
				MTL_ENABLE_DEBUG_INFO = NO;
				SDKROOT = iphoneos;
				SWIFT_OPTIMIZATION_LEVEL = "-Owholemodule";
				TARGETED_DEVICE_FAMILY = "1,2";
				VALIDATE_PRODUCT = YES;
			};
			name = Release;
		};
		AACCDBF520468EB6002112F7 /* Debug */ = {
			isa = XCBuildConfiguration;
			buildSettings = {
				ASSETCATALOG_COMPILER_APPICON_NAME = AppIcon;
				INFOPLIST_FILE = "MonPK&Moi/Info.plist";
				LD_RUNPATH_SEARCH_PATHS = "$(inherited) @executable_path/Frameworks";
				PRODUCT_BUNDLE_IDENTIFIER = "Justin-Joris.MonPK-Moi";
				PRODUCT_NAME = "$(TARGET_NAME)";
				SWIFT_VERSION = 3.0;
			};
			name = Debug;
		};
		AACCDBF620468EB6002112F7 /* Release */ = {
			isa = XCBuildConfiguration;
			buildSettings = {
				ASSETCATALOG_COMPILER_APPICON_NAME = AppIcon;
				INFOPLIST_FILE = "MonPK&Moi/Info.plist";
				LD_RUNPATH_SEARCH_PATHS = "$(inherited) @executable_path/Frameworks";
				PRODUCT_BUNDLE_IDENTIFIER = "Justin-Joris.MonPK-Moi";
				PRODUCT_NAME = "$(TARGET_NAME)";
				SWIFT_VERSION = 3.0;
			};
			name = Release;
		};
		AACCDBF820468EB6002112F7 /* Debug */ = {
			isa = XCBuildConfiguration;
			buildSettings = {
				ALWAYS_EMBED_SWIFT_STANDARD_LIBRARIES = YES;
				BUNDLE_LOADER = "$(TEST_HOST)";
				INFOPLIST_FILE = "MonPK&MoiTests/Info.plist";
				LD_RUNPATH_SEARCH_PATHS = "$(inherited) @executable_path/Frameworks @loader_path/Frameworks";
				PRODUCT_BUNDLE_IDENTIFIER = "Justin-Joris.MonPK-MoiTests";
				PRODUCT_NAME = "$(TARGET_NAME)";
				SWIFT_VERSION = 3.0;
				TEST_HOST = "$(BUILT_PRODUCTS_DIR)/MonPK&Moi.app/MonPK&Moi";
			};
			name = Debug;
		};
		AACCDBF920468EB6002112F7 /* Release */ = {
			isa = XCBuildConfiguration;
			buildSettings = {
				ALWAYS_EMBED_SWIFT_STANDARD_LIBRARIES = YES;
				BUNDLE_LOADER = "$(TEST_HOST)";
				INFOPLIST_FILE = "MonPK&MoiTests/Info.plist";
				LD_RUNPATH_SEARCH_PATHS = "$(inherited) @executable_path/Frameworks @loader_path/Frameworks";
				PRODUCT_BUNDLE_IDENTIFIER = "Justin-Joris.MonPK-MoiTests";
				PRODUCT_NAME = "$(TARGET_NAME)";
				SWIFT_VERSION = 3.0;
				TEST_HOST = "$(BUILT_PRODUCTS_DIR)/MonPK&Moi.app/MonPK&Moi";
			};
			name = Release;
		};
/* End XCBuildConfiguration section */

/* Begin XCConfigurationList section */
		AACCDBCF20468EB6002112F7 /* Build configuration list for PBXProject "MonPK&Moi" */ = {
			isa = XCConfigurationList;
			buildConfigurations = (
				AACCDBF220468EB6002112F7 /* Debug */,
				AACCDBF320468EB6002112F7 /* Release */,
			);
			defaultConfigurationIsVisible = 0;
			defaultConfigurationName = Release;
		};
		AACCDBF420468EB6002112F7 /* Build configuration list for PBXNativeTarget "MonPK&Moi" */ = {
			isa = XCConfigurationList;
			buildConfigurations = (
				AACCDBF520468EB6002112F7 /* Debug */,
				AACCDBF620468EB6002112F7 /* Release */,
			);
			defaultConfigurationIsVisible = 0;
			defaultConfigurationName = Release;
		};
		AACCDBF720468EB6002112F7 /* Build configuration list for PBXNativeTarget "MonPK&MoiTests" */ = {
			isa = XCConfigurationList;
			buildConfigurations = (
				AACCDBF820468EB6002112F7 /* Debug */,
				AACCDBF920468EB6002112F7 /* Release */,
			);
			defaultConfigurationIsVisible = 0;
			defaultConfigurationName = Release;
		};
/* End XCConfigurationList section */

/* Begin XCVersionGroup section */
		AACCDBDE20468EB6002112F7 /* MonPK_Moi.xcdatamodeld */ = {
			isa = XCVersionGroup;
			children = (
				AACCDBDF20468EB6002112F7 /* MonPK_Moi.xcdatamodel */,
			);
			currentVersion = AACCDBDF20468EB6002112F7 /* MonPK_Moi.xcdatamodel */;
			path = MonPK_Moi.xcdatamodeld;
			sourceTree = "<group>";
			versionGroupType = wrapper.xcdatamodel;
		};
/* End XCVersionGroup section */
	};
	rootObject = AACCDBCC20468EB6002112F7 /* Project object */;
}
